
Microsoft Visual Studio Solution File, Format Version 12.00
Project("{FAE04EC0-301F-11D3-BF4B-00C04F79EFBC}") = "Terra.Sdk.TestClient", "Terra.Sdk.TestClient\Terra.Sdk.TestClient.csproj", "{09D0600F-8C36-4503-B4E5-633640717761}"
EndProject
Project("{FAE04EC0-301F-11D3-BF4B-00C04F79EFBC}") = "Terra.Sdk.Lcd", "Terra.Sdk.Lcd\Terra.Sdk.Lcd.csproj", "{A0C7FB8E-0CC1-4F8F-B269-7A7FAB9D9B4A}"
EndProject
Project("{FAE04EC0-301F-11D3-BF4B-00C04F79EFBC}") = "Terra.BigQuery.Etl", "Terra.BigQuery.Etl\Terra.BigQuery.Etl.csproj", "{FA4C88BD-5E60-4275-81E0-24255E702E74}"
EndProject
Project("{FAE04EC0-301F-11D3-BF4B-00C04F79EFBC}") = "Terra.BigQuery.Roslyn", "Terra.BigQuery.Roslyn\Terra.BigQuery.Roslyn.csproj", "{EDDC77C9-588C-49AD-84D9-CE357EB09B64}"
EndProject
Global
	GlobalSection(SolutionConfigurationPlatforms) = preSolution
		Debug|Any CPU = Debug|Any CPU
		Release|Any CPU = Release|Any CPU
	EndGlobalSection
	GlobalSection(ProjectConfigurationPlatforms) = postSolution
		{09D0600F-8C36-4503-B4E5-633640717761}.Debug|Any CPU.ActiveCfg = Debug|Any CPU
		{09D0600F-8C36-4503-B4E5-633640717761}.Debug|Any CPU.Build.0 = Debug|Any CPU
		{09D0600F-8C36-4503-B4E5-633640717761}.Release|Any CPU.ActiveCfg = Release|Any CPU
		{09D0600F-8C36-4503-B4E5-633640717761}.Release|Any CPU.Build.0 = Release|Any CPU
		{A0C7FB8E-0CC1-4F8F-B269-7A7FAB9D9B4A}.Debug|Any CPU.ActiveCfg = Debug|Any CPU
		{A0C7FB8E-0CC1-4F8F-B269-7A7FAB9D9B4A}.Debug|Any CPU.Build.0 = Debug|Any CPU
		{A0C7FB8E-0CC1-4F8F-B269-7A7FAB9D9B4A}.Release|Any CPU.ActiveCfg = Release|Any CPU
		{A0C7FB8E-0CC1-4F8F-B269-7A7FAB9D9B4A}.Release|Any CPU.Build.0 = Release|Any CPU
		{FA4C88BD-5E60-4275-81E0-24255E702E74}.Debug|Any CPU.ActiveCfg = Debug|Any CPU
		{FA4C88BD-5E60-4275-81E0-24255E702E74}.Debug|Any CPU.Build.0 = Debug|Any CPU
		{FA4C88BD-5E60-4275-81E0-24255E702E74}.Release|Any CPU.ActiveCfg = Release|Any CPU
		{FA4C88BD-5E60-4275-81E0-24255E702E74}.Release|Any CPU.Build.0 = Release|Any CPU
		{EDDC77C9-588C-49AD-84D9-CE357EB09B64}.Debug|Any CPU.ActiveCfg = Debug|Any CPU
		{EDDC77C9-588C-49AD-84D9-CE357EB09B64}.Debug|Any CPU.Build.0 = Debug|Any CPU
		{EDDC77C9-588C-49AD-84D9-CE357EB09B64}.Release|Any CPU.ActiveCfg = Release|Any CPU
		{EDDC77C9-588C-49AD-84D9-CE357EB09B64}.Release|Any CPU.Build.0 = Release|Any CPU
	EndGlobalSection
EndGlobal
